
Microsoft Visual Studio Solution File, Format Version 12.00
# Visual Studio Version 16
VisualStudioVersion = 16.0.29001.49
MinimumVisualStudioVersion = 10.0.40219.1
Project("{9A19103F-16F7-4668-BE54-9A1E7A4F7556}") = "Fiive.Owl.Core", "Fiive.Owl.Core\Fiive.Owl.Core.csproj", "{B65D25FE-D62B-4860-9529-D000664426CF}"
EndProject
Project("{9A19103F-16F7-4668-BE54-9A1E7A4F7556}") = "Fiive.Owl.FlatFile", "Fiive.Owl.FlatFile\Fiive.Owl.FlatFile.csproj", "{4B4A4A8E-E23A-404A-8226-9CB9A8CD5583}"
EndProject
Project("{FAE04EC0-301F-11D3-BF4B-00C04F79EFBC}") = "Fiive.Owl.FlatFile.UnitTest", "Fiive.Owl.FlatFile.UnitTest\Fiive.Owl.FlatFile.UnitTest.csproj", "{A3604B85-28F9-40AD-8C7E-B39E4F53EF79}"
EndProject
Project("{2150E333-8FDC-42A3-9474-1A3956D46DE8}") = "Core", "Core", "{5F54EE89-10A1-404A-A7E5-384486DF90AC}"
EndProject
Project("{2150E333-8FDC-42A3-9474-1A3956D46DE8}") = "Input", "Input", "{89A0410F-EED4-4666-81BE-C74BDE4BD51F}"
EndProject
Project("{2150E333-8FDC-42A3-9474-1A3956D46DE8}") = "Tests", "Tests", "{90AF0C5F-9BD9-4350-A7CB-146E52E7FC6D}"
EndProject
Project("{9A19103F-16F7-4668-BE54-9A1E7A4F7556}") = "Fiive.Owl.Formats", "Fiive.Owl.Formats\Fiive.Owl.Formats.csproj", "{5B2E68C1-8D25-40F6-A033-5461AB167F91}"
EndProject
Project("{FAE04EC0-301F-11D3-BF4B-00C04F79EFBC}") = "Fiive.Owl.EDI", "Fiive.Owl.EDI\Fiive.Owl.EDI.csproj", "{5DDFE4AF-83E4-4425-87A0-9A8CF6F753E5}"
EndProject
Project("{FAE04EC0-301F-11D3-BF4B-00C04F79EFBC}") = "Fiive.Owl.ANSI", "Fiive.Owl.ANSI\Fiive.Owl.ANSI.csproj", "{5E86202A-4058-4DE3-AD5D-5A4BD7DC0484}"
EndProject
Global
	GlobalSection(SolutionConfigurationPlatforms) = preSolution
		Debug|Any CPU = Debug|Any CPU
		Release|Any CPU = Release|Any CPU
	EndGlobalSection
	GlobalSection(ProjectConfigurationPlatforms) = postSolution
		{B65D25FE-D62B-4860-9529-D000664426CF}.Debug|Any CPU.ActiveCfg = Debug|Any CPU
		{B65D25FE-D62B-4860-9529-D000664426CF}.Debug|Any CPU.Build.0 = Debug|Any CPU
		{B65D25FE-D62B-4860-9529-D000664426CF}.Release|Any CPU.ActiveCfg = Release|Any CPU
		{B65D25FE-D62B-4860-9529-D000664426CF}.Release|Any CPU.Build.0 = Release|Any CPU
		{4B4A4A8E-E23A-404A-8226-9CB9A8CD5583}.Debug|Any CPU.ActiveCfg = Debug|Any CPU
		{4B4A4A8E-E23A-404A-8226-9CB9A8CD5583}.Debug|Any CPU.Build.0 = Debug|Any CPU
		{4B4A4A8E-E23A-404A-8226-9CB9A8CD5583}.Release|Any CPU.ActiveCfg = Release|Any CPU
		{4B4A4A8E-E23A-404A-8226-9CB9A8CD5583}.Release|Any CPU.Build.0 = Release|Any CPU
		{A3604B85-28F9-40AD-8C7E-B39E4F53EF79}.Debug|Any CPU.ActiveCfg = Debug|Any CPU
		{A3604B85-28F9-40AD-8C7E-B39E4F53EF79}.Debug|Any CPU.Build.0 = Debug|Any CPU
		{A3604B85-28F9-40AD-8C7E-B39E4F53EF79}.Release|Any CPU.ActiveCfg = Release|Any CPU
		{A3604B85-28F9-40AD-8C7E-B39E4F53EF79}.Release|Any CPU.Build.0 = Release|Any CPU
		{5B2E68C1-8D25-40F6-A033-5461AB167F91}.Debug|Any CPU.ActiveCfg = Debug|Any CPU
		{5B2E68C1-8D25-40F6-A033-5461AB167F91}.Debug|Any CPU.Build.0 = Debug|Any CPU
		{5B2E68C1-8D25-40F6-A033-5461AB167F91}.Release|Any CPU.ActiveCfg = Release|Any CPU
		{5B2E68C1-8D25-40F6-A033-5461AB167F91}.Release|Any CPU.Build.0 = Release|Any CPU
		{5DDFE4AF-83E4-4425-87A0-9A8CF6F753E5}.Debug|Any CPU.ActiveCfg = Debug|Any CPU
		{5DDFE4AF-83E4-4425-87A0-9A8CF6F753E5}.Debug|Any CPU.Build.0 = Debug|Any CPU
		{5DDFE4AF-83E4-4425-87A0-9A8CF6F753E5}.Release|Any CPU.ActiveCfg = Release|Any CPU
		{5DDFE4AF-83E4-4425-87A0-9A8CF6F753E5}.Release|Any CPU.Build.0 = Release|Any CPU
		{5E86202A-4058-4DE3-AD5D-5A4BD7DC0484}.Debug|Any CPU.ActiveCfg = Debug|Any CPU
		{5E86202A-4058-4DE3-AD5D-5A4BD7DC0484}.Debug|Any CPU.Build.0 = Debug|Any CPU
		{5E86202A-4058-4DE3-AD5D-5A4BD7DC0484}.Release|Any CPU.ActiveCfg = Release|Any CPU
		{5E86202A-4058-4DE3-AD5D-5A4BD7DC0484}.Release|Any CPU.Build.0 = Release|Any CPU
	EndGlobalSection
	GlobalSection(SolutionProperties) = preSolution
		HideSolutionNode = FALSE
	EndGlobalSection
	GlobalSection(NestedProjects) = preSolution
		{B65D25FE-D62B-4860-9529-D000664426CF} = {5F54EE89-10A1-404A-A7E5-384486DF90AC}
		{4B4A4A8E-E23A-404A-8226-9CB9A8CD5583} = {89A0410F-EED4-4666-81BE-C74BDE4BD51F}
		{A3604B85-28F9-40AD-8C7E-B39E4F53EF79} = {90AF0C5F-9BD9-4350-A7CB-146E52E7FC6D}
		{5B2E68C1-8D25-40F6-A033-5461AB167F91} = {5F54EE89-10A1-404A-A7E5-384486DF90AC}
		{5DDFE4AF-83E4-4425-87A0-9A8CF6F753E5} = {89A0410F-EED4-4666-81BE-C74BDE4BD51F}
		{5E86202A-4058-4DE3-AD5D-5A4BD7DC0484} = {89A0410F-EED4-4666-81BE-C74BDE4BD51F}
	EndGlobalSection
	GlobalSection(ExtensibilityGlobals) = postSolution
		SolutionGuid = {328F7D16-7391-4DC9-B23F-F1960EA3B78A}
	EndGlobalSection
EndGlobal
